
Microsoft Visual Studio Solution File, Format Version 12.00
# Visual Studio Version 17
VisualStudioVersion = 17.8.34309.116
MinimumVisualStudioVersion = 10.0.40219.1
Project("{FAE04EC0-301F-11D3-BF4B-00C04F79EFBC}") = "Aspose", "Aspose.csproj", "{78A45840-C625-45C0-9299-7B341CC683B1}"
EndProject
Global
	GlobalSection(SolutionConfigurationPlatforms) = preSolution
		Debug|Any CPU = Debug|Any CPU
		Release|Any CPU = Release|Any CPU
	EndGlobalSection
	GlobalSection(ProjectConfigurationPlatforms) = postSolution
		{78A45840-C625-45C0-9299-7B341CC683B1}.Debug|Any CPU.ActiveCfg = Debug|Any CPU
		{78A45840-C625-45C0-9299-7B341CC683B1}.Debug|Any CPU.Build.0 = Debug|Any CPU
		{78A45840-C625-45C0-9299-7B341CC683B1}.Release|Any CPU.ActiveCfg = Release|Any CPU
		{78A45840-C625-45C0-9299-7B341CC683B1}.Release|Any CPU.Build.0 = Release|Any CPU
	EndGlobalSection
	GlobalSection(SolutionProperties) = preSolution
		HideSolutionNode = FALSE
	EndGlobalSection
	GlobalSection(ExtensibilityGlobals) = postSolution
		SolutionGuid = {727971E2-32F7-48C8-AFDA-0B2ED457E455}
	EndGlobalSection
EndGlobal
